<?xml version="1.0" encoding="utf-8"?>
<Project ToolsVersion="4.0" xmlns="http://schemas.microsoft.com/developer/msbuild/2003">
  <ItemGroup>
    <ClCompile Include="src\Cutscene\Cutscene.cpp" />
    <ClCompile Include="src\Cutscene\VideoCutscene.cpp" />
    <ClCompile Include="src\Entities\Projectile\Missile\Missile.cpp" />
    <ClCompile Include="src\Utility\EntityData\EntityManagementInterface.cpp" />
    <ClCompile Include="src\Entities\Enemy\Boss\Boss.cpp" />
    <ClCompile Include="src\Entities\Enemy\Enemy.cpp" />
    <ClCompile Include="src\Entities\Entity.cpp" />
    <ClCompile Include="src\Utility\EntityData\EntityDataStorage.cpp" />
    <ClCompile Include="src\Entities\Player\Player.cpp" />
    <ClCompile Include="src\Entities\PowerUp\PowerUp.cpp" />
    <ClCompile Include="src\Entities\Projectile\Projectile.cpp" />
    <ClCompile Include="src\Game\Game.cpp" />
    <ClCompile Include="src\Level\Level.cpp" />
    <ClCompile Include="src\Main.cpp" />
    <ClCompile Include="src\Entities\TileEntity\TileEntity.cpp" />
    <ClCompile Include="src\Sprites\SpriteType.cpp" />
  </ItemGroup>
  <ItemGroup>
    <ClInclude Include="src\Cutscene\Cutscene.h" />
    <ClInclude Include="src\Cutscene\VideoCutscene.h" />
    <ClInclude Include="src\Entities\Projectile\Missile\Missile.h" />
    <ClInclude Include="src\Utility\EntityData\EntityPrototype.h" />
    <ClInclude Include="src\Utility\Array\ReturnData.h" />
    <ClInclude Include="src\Utility\Array\SpacingElement.h" />
    <ClInclude Include="src\Utility\EntityData\EntityData.h" />
    <ClInclude Include="src\Utility\EntityData\EntityManagementInterface.h" />
    <ClInclude Include="src\Entities\Enemy\Boss\Boss.h" />
    <ClInclude Include="src\Entities\Enemy\Enemy.h" />
    <ClInclude Include="src\Entities\Entity.h" />
    <ClInclude Include="src\Utility\EntityData\EntityDataStorage.h" />
    <ClInclude Include="src\Entities\Interfaces\IHasHealth.h" />
    <ClInclude Include="src\Entities\Interfaces\IHasChildren.h" />
    <ClInclude Include="src\Entities\Player\Player.h" />
    <ClInclude Include="src\Entities\PowerUp\PowerUp.h" />
    <ClInclude Include="src\Entities\Interfaces\ICollidable.h" />
    <ClInclude Include="src\ControllerStuff.hpp" />
    <ClInclude Include="src\Entities\Projectile\Projectile.h" />
    <ClInclude Include="src\Level\Intermediary.h" />
    <ClInclude Include="src\Game\Game.h" />
    <ClInclude Include="src\Level\Level.h" />
    <ClInclude Include="src\Entities\TileEntity\TileEntity.h" />
    <ClInclude Include="src\Utility\EntityData\EntityData.hpp" />
    <ClInclude Include="src\Utility\EntityData\ProjectilePrototype.h" />
    <ClInclude Include="src\Utility\EntityID.h" />
    <ClInclude Include="src\Utility\Array\StaticArray.h" />
    <ClInclude Include="src\Utility\WindowSize.h" />
    <ClInclude Include="src\Utility\Array\VariableArray.h" />
  </ItemGroup>
  <ItemGroup>
    <None Include="lib\SFML64\lib\sfml-audio-s-d.pdb" />
    <None Include="lib\SFML64\lib\sfml-audio-s.pdb" />
    <None Include="lib\SFML64\lib\sfml-audio.pdb" />
    <None Include="lib\SFML64\lib\sfml-graphics-s-d.pdb" />
    <None Include="lib\SFML64\lib\sfml-graphics-s.pdb" />
    <None Include="lib\SFML64\lib\sfml-graphics.pdb" />
    <None Include="lib\SFML64\lib\sfml-main-d.pdb" />
    <None Include="lib\SFML64\lib\sfml-main-s.pdb" />
    <None Include="lib\SFML64\lib\sfml-network-s-d.pdb" />
    <None Include="lib\SFML64\lib\sfml-network-s.pdb" />
    <None Include="lib\SFML64\lib\sfml-network.pdb" />
    <None Include="lib\SFML64\lib\sfml-system-s-d.pdb" />
    <None Include="lib\SFML64\lib\sfml-system-s.pdb" />
    <None Include="lib\SFML64\lib\sfml-system.pdb" />
    <None Include="lib\SFML64\lib\sfml-window-s-d.pdb" />
    <None Include="lib\SFML64\lib\sfml-window-s.pdb" />
    <None Include="lib\SFML64\lib\sfml-window.pdb" />
  </ItemGroup>
  <ItemGroup>
    <Text Include="src\Cutscene\englandDialog.txt" />
    <Text Include="src\Cutscene\japanDialog.txt" />
    <Text Include="src\Cutscene\statesDialog.txt" />
    <Text Include="src\Cutscene\swedenDialog.txt" />
    <Text Include="res\attacks example.txt" />
    <Text Include="res\attacks.txt" />
  </ItemGroup>
</Project>